
Microsoft Visual Studio Solution File, Format Version 12.00
# Visual Studio 15
VisualStudioVersion = 15.0.27428.2037
MinimumVisualStudioVersion = 10.0.40219.1
Project("{FAE04EC0-301F-11D3-BF4B-00C04F79EFBC}") = "WFProt", "..\WFProt\WFProt.csproj", "{FF57A359-C0A7-415E-8403-7730E5AE3DC3}"
EndProject
Project("{FAE04EC0-301F-11D3-BF4B-00C04F79EFBC}") = "BPSolver", "..\BPSolver\BPSolver.csproj", "{A1409A62-2EBD-45B5-BDE6-359DBA552690}"
EndProject
Project("{FAE04EC0-301F-11D3-BF4B-00C04F79EFBC}") = "UTestBPSolver", "..\Test\UTestBPSolver\UTestBPSolver.csproj", "{D08087EE-D2C6-4740-A105-F28096305825}"
EndProject
Project("{FAE04EC0-301F-11D3-BF4B-00C04F79EFBC}") = "ManTest", "..\ManTest\ManTest.csproj", "{B044F1E5-C730-42EB-9F8C-D37D32E6B990}"
EndProject
Global
	GlobalSection(SolutionConfigurationPlatforms) = preSolution
		Debug|Any CPU = Debug|Any CPU
		Release|Any CPU = Release|Any CPU
		Test|Any CPU = Test|Any CPU
	EndGlobalSection
	GlobalSection(ProjectConfigurationPlatforms) = postSolution
		{FF57A359-C0A7-415E-8403-7730E5AE3DC3}.Debug|Any CPU.ActiveCfg = Debug|Any CPU
		{FF57A359-C0A7-415E-8403-7730E5AE3DC3}.Debug|Any CPU.Build.0 = Debug|Any CPU
		{FF57A359-C0A7-415E-8403-7730E5AE3DC3}.Release|Any CPU.ActiveCfg = Release|Any CPU
		{FF57A359-C0A7-415E-8403-7730E5AE3DC3}.Release|Any CPU.Build.0 = Release|Any CPU
		{FF57A359-C0A7-415E-8403-7730E5AE3DC3}.Test|Any CPU.ActiveCfg = Test|Any CPU
		{A1409A62-2EBD-45B5-BDE6-359DBA552690}.Debug|Any CPU.ActiveCfg = Debug|Any CPU
		{A1409A62-2EBD-45B5-BDE6-359DBA552690}.Debug|Any CPU.Build.0 = Debug|Any CPU
		{A1409A62-2EBD-45B5-BDE6-359DBA552690}.Release|Any CPU.ActiveCfg = Release|Any CPU
		{A1409A62-2EBD-45B5-BDE6-359DBA552690}.Release|Any CPU.Build.0 = Release|Any CPU
		{A1409A62-2EBD-45B5-BDE6-359DBA552690}.Test|Any CPU.ActiveCfg = Test|Any CPU
		{A1409A62-2EBD-45B5-BDE6-359DBA552690}.Test|Any CPU.Build.0 = Test|Any CPU
		{D08087EE-D2C6-4740-A105-F28096305825}.Debug|Any CPU.ActiveCfg = Debug|Any CPU
		{D08087EE-D2C6-4740-A105-F28096305825}.Release|Any CPU.ActiveCfg = Release|Any CPU
		{D08087EE-D2C6-4740-A105-F28096305825}.Test|Any CPU.ActiveCfg = Test|Any CPU
		{D08087EE-D2C6-4740-A105-F28096305825}.Test|Any CPU.Build.0 = Test|Any CPU
		{B044F1E5-C730-42EB-9F8C-D37D32E6B990}.Debug|Any CPU.ActiveCfg = Debug|Any CPU
		{B044F1E5-C730-42EB-9F8C-D37D32E6B990}.Debug|Any CPU.Build.0 = Debug|Any CPU
		{B044F1E5-C730-42EB-9F8C-D37D32E6B990}.Release|Any CPU.ActiveCfg = Release|Any CPU
		{B044F1E5-C730-42EB-9F8C-D37D32E6B990}.Test|Any CPU.ActiveCfg = Release|Any CPU
		{B044F1E5-C730-42EB-9F8C-D37D32E6B990}.Test|Any CPU.Build.0 = Release|Any CPU
	EndGlobalSection
	GlobalSection(SolutionProperties) = preSolution
		HideSolutionNode = FALSE
	EndGlobalSection
	GlobalSection(ExtensibilityGlobals) = postSolution
		SolutionGuid = {0EAAE7D8-5AF8-468E-8ABA-0F1C40694015}
	EndGlobalSection
EndGlobal
